// !$*UTF8*$!
{
	archiveVersion = 1;
	classes = {
	};
	objectVersion = 46;
	objects = {

/* Begin PBXBuildFile section */
		8EB7E29E1D69869C00841F15 /* AppDelegate.swift in Sources */ = {isa = PBXBuildFile; fileRef = 8EB7E29D1D69869C00841F15 /* AppDelegate.swift */; };
		8EB7E2A01D69869C00841F15 /* Assets.xcassets in Resources */ = {isa = PBXBuildFile; fileRef = 8EB7E29F1D69869C00841F15 /* Assets.xcassets */; };
		8EB7E2A31D69869C00841F15 /* MainMenu.xib in Resources */ = {isa = PBXBuildFile; fileRef = 8EB7E2A11D69869C00841F15 /* MainMenu.xib */; };
		8EB7E2B11D69879C00841F15 /* Cocoa.framework in Frameworks */ = {isa = PBXBuildFile; fileRef = 8EB7E2B01D69879C00841F15 /* Cocoa.framework */; };
		8EB7E2B61D69879C00841F15 /* SourceEditorExtension.swift in Sources */ = {isa = PBXBuildFile; fileRef = 8EB7E2B51D69879C00841F15 /* SourceEditorExtension.swift */; };
		8EB7E2B81D69879C00841F15 /* SourceEditorCommand.swift in Sources */ = {isa = PBXBuildFile; fileRef = 8EB7E2B71D69879C00841F15 /* SourceEditorCommand.swift */; };
		8EB7E2BC1D69879C00841F15 /* Extended Comment.appex in Embed App Extensions */ = {isa = PBXBuildFile; fileRef = 8EB7E2AE1D69879C00841F15 /* Extended Comment.appex */; settings = {ATTRIBUTES = (RemoveHeadersOnCopy, ); }; };
/* End PBXBuildFile section */

/* Begin PBXContainerItemProxy section */
		8EB7E2BA1D69879C00841F15 /* PBXContainerItemProxy */ = {
			isa = PBXContainerItemProxy;
			containerPortal = 8EB7E2921D69869C00841F15 /* Project object */;
			proxyType = 1;
			remoteGlobalIDString = 8EB7E2AD1D69879C00841F15;
			remoteInfo = "Extended Comment";
		};
/* End PBXContainerItemProxy section */

/* Begin PBXCopyFilesBuildPhase section */
		8EB7E2C01D69879C00841F15 /* Embed App Extensions */ = {
			isa = PBXCopyFilesBuildPhase;
			buildActionMask = 2147483647;
			dstPath = "";
			dstSubfolderSpec = 13;
			files = (
				8EB7E2BC1D69879C00841F15 /* Extended Comment.appex in Embed App Extensions */,
			);
			name = "Embed App Extensions";
			runOnlyForDeploymentPostprocessing = 0;
		};
/* End PBXCopyFilesBuildPhase section */

/* Begin PBXFileReference section */
		8EB7E29A1D69869C00841F15 /* AXComment.app */ = {isa = PBXFileReference; explicitFileType = wrapper.application; includeInIndex = 0; path = AXComment.app; sourceTree = BUILT_PRODUCTS_DIR; };
		8EB7E29D1D69869C00841F15 /* AppDelegate.swift */ = {isa = PBXFileReference; lastKnownFileType = sourcecode.swift; path = AppDelegate.swift; sourceTree = "<group>"; };
		8EB7E29F1D69869C00841F15 /* Assets.xcassets */ = {isa = PBXFileReference; lastKnownFileType = folder.assetcatalog; path = Assets.xcassets; sourceTree = "<group>"; };
		8EB7E2A21D69869C00841F15 /* Base */ = {isa = PBXFileReference; lastKnownFileType = file.xib; name = Base; path = Base.lproj/MainMenu.xib; sourceTree = "<group>"; };
		8EB7E2A41D69869C00841F15 /* Info.plist */ = {isa = PBXFileReference; lastKnownFileType = text.plist.xml; path = Info.plist; sourceTree = "<group>"; };
		8EB7E2AE1D69879C00841F15 /* Extended Comment.appex */ = {isa = PBXFileReference; explicitFileType = "wrapper.app-extension"; includeInIndex = 0; path = "Extended Comment.appex"; sourceTree = BUILT_PRODUCTS_DIR; };
		8EB7E2B01D69879C00841F15 /* Cocoa.framework */ = {isa = PBXFileReference; lastKnownFileType = wrapper.framework; name = Cocoa.framework; path = System/Library/Frameworks/Cocoa.framework; sourceTree = SDKROOT; };
		8EB7E2B41D69879C00841F15 /* Extended_Comment.entitlements */ = {isa = PBXFileReference; lastKnownFileType = text.plist.entitlements; path = Extended_Comment.entitlements; sourceTree = "<group>"; };
		8EB7E2B51D69879C00841F15 /* SourceEditorExtension.swift */ = {isa = PBXFileReference; lastKnownFileType = sourcecode.swift; path = SourceEditorExtension.swift; sourceTree = "<group>"; };
		8EB7E2B71D69879C00841F15 /* SourceEditorCommand.swift */ = {isa = PBXFileReference; lastKnownFileType = sourcecode.swift; path = SourceEditorCommand.swift; sourceTree = "<group>"; };
		8EB7E2B91D69879C00841F15 /* Info.plist */ = {isa = PBXFileReference; lastKnownFileType = text.plist.xml; path = Info.plist; sourceTree = "<group>"; };
/* End PBXFileReference section */

/* Begin PBXFrameworksBuildPhase section */
		8EB7E2971D69869C00841F15 /* Frameworks */ = {
			isa = PBXFrameworksBuildPhase;
			buildActionMask = 2147483647;
			files = (
			);
			runOnlyForDeploymentPostprocessing = 0;
		};
		8EB7E2AB1D69879C00841F15 /* Frameworks */ = {
			isa = PBXFrameworksBuildPhase;
			buildActionMask = 2147483647;
			files = (
				8EB7E2B11D69879C00841F15 /* Cocoa.framework in Frameworks */,
			);
			runOnlyForDeploymentPostprocessing = 0;
		};
/* End PBXFrameworksBuildPhase section */

/* Begin PBXGroup section */
		8EB7E2911D69869C00841F15 = {
			isa = PBXGroup;
			children = (
				8EB7E29C1D69869C00841F15 /* AXComment */,
				8EB7E2B21D69879C00841F15 /* Extended Comment */,
				8EB7E2AF1D69879C00841F15 /* Frameworks */,
				8EB7E29B1D69869C00841F15 /* Products */,
			);
			sourceTree = "<group>";
		};
		8EB7E29B1D69869C00841F15 /* Products */ = {
			isa = PBXGroup;
			children = (
				8EB7E29A1D69869C00841F15 /* AXComment.app */,
				8EB7E2AE1D69879C00841F15 /* Extended Comment.appex */,
			);
			name = Products;
			sourceTree = "<group>";
		};
		8EB7E29C1D69869C00841F15 /* AXComment */ = {
			isa = PBXGroup;
			children = (
				8EB7E29D1D69869C00841F15 /* AppDelegate.swift */,
				8EB7E29F1D69869C00841F15 /* Assets.xcassets */,
				8EB7E2A11D69869C00841F15 /* MainMenu.xib */,
				8EB7E2A41D69869C00841F15 /* Info.plist */,
			);
			path = AXComment;
			sourceTree = "<group>";
		};
		8EB7E2AF1D69879C00841F15 /* Frameworks */ = {
			isa = PBXGroup;
			children = (
				8EB7E2B01D69879C00841F15 /* Cocoa.framework */,
			);
			name = Frameworks;
			sourceTree = "<group>";
		};
		8EB7E2B21D69879C00841F15 /* Extended Comment */ = {
			isa = PBXGroup;
			children = (
				8EB7E2B51D69879C00841F15 /* SourceEditorExtension.swift */,
				8EB7E2B71D69879C00841F15 /* SourceEditorCommand.swift */,
				8EB7E2B91D69879C00841F15 /* Info.plist */,
				8EB7E2B31D69879C00841F15 /* Supporting Files */,
			);
			path = "Extended Comment";
			sourceTree = "<group>";
		};
		8EB7E2B31D69879C00841F15 /* Supporting Files */ = {
			isa = PBXGroup;
			children = (
				8EB7E2B41D69879C00841F15 /* Extended_Comment.entitlements */,
			);
			name = "Supporting Files";
			sourceTree = "<group>";
		};
/* End PBXGroup section */

/* Begin PBXNativeTarget section */
		8EB7E2991D69869C00841F15 /* AXComment */ = {
			isa = PBXNativeTarget;
			buildConfigurationList = 8EB7E2A71D69869C00841F15 /* Build configuration list for PBXNativeTarget "AXComment" */;
			buildPhases = (
				8EB7E2961D69869C00841F15 /* Sources */,
				8EB7E2971D69869C00841F15 /* Frameworks */,
				8EB7E2981D69869C00841F15 /* Resources */,
				8EB7E2C01D69879C00841F15 /* Embed App Extensions */,
			);
			buildRules = (
			);
			dependencies = (
				8EB7E2BB1D69879C00841F15 /* PBXTargetDependency */,
			);
			name = AXComment;
			productName = AXComment;
			productReference = 8EB7E29A1D69869C00841F15 /* AXComment.app */;
			productType = "com.apple.product-type.application";
		};
		8EB7E2AD1D69879C00841F15 /* Extended Comment */ = {
			isa = PBXNativeTarget;
			buildConfigurationList = 8EB7E2BF1D69879C00841F15 /* Build configuration list for PBXNativeTarget "Extended Comment" */;
			buildPhases = (
				8EB7E2AA1D69879C00841F15 /* Sources */,
				8EB7E2AB1D69879C00841F15 /* Frameworks */,
				8EB7E2AC1D69879C00841F15 /* Resources */,
			);
			buildRules = (
			);
			dependencies = (
			);
			name = "Extended Comment";
			productName = "Extended Comment";
			productReference = 8EB7E2AE1D69879C00841F15 /* Extended Comment.appex */;
			productType = "com.apple.product-type.xcode-extension";
		};
/* End PBXNativeTarget section */

/* Begin PBXProject section */
		8EB7E2921D69869C00841F15 /* Project object */ = {
			isa = PBXProject;
			attributes = {
				LastSwiftUpdateCheck = 0800;
				LastUpgradeCheck = 0800;
				ORGANIZATIONNAME = "Arthur XU";
				TargetAttributes = {
					8EB7E2991D69869C00841F15 = {
						CreatedOnToolsVersion = 8.0;
						ProvisioningStyle = Automatic;
					};
					8EB7E2AD1D69879C00841F15 = {
						CreatedOnToolsVersion = 8.0;
						ProvisioningStyle = Automatic;
					};
				};
			};
			buildConfigurationList = 8EB7E2951D69869C00841F15 /* Build configuration list for PBXProject "AXComment" */;
			compatibilityVersion = "Xcode 3.2";
			developmentRegion = English;
			hasScannedForEncodings = 0;
			knownRegions = (
				en,
				Base,
			);
			mainGroup = 8EB7E2911D69869C00841F15;
			productRefGroup = 8EB7E29B1D69869C00841F15 /* Products */;
			projectDirPath = "";
			projectRoot = "";
			targets = (
				8EB7E2991D69869C00841F15 /* AXComment */,
				8EB7E2AD1D69879C00841F15 /* Extended Comment */,
			);
		};
/* End PBXProject section */

/* Begin PBXResourcesBuildPhase section */
		8EB7E2981D69869C00841F15 /* Resources */ = {
			isa = PBXResourcesBuildPhase;
			buildActionMask = 2147483647;
			files = (
				8EB7E2A01D69869C00841F15 /* Assets.xcassets in Resources */,
				8EB7E2A31D69869C00841F15 /* MainMenu.xib in Resources */,
			);
			runOnlyForDeploymentPostprocessing = 0;
		};
		8EB7E2AC1D69879C00841F15 /* Resources */ = {
			isa = PBXResourcesBuildPhase;
			buildActionMask = 2147483647;
			files = (
			);
			runOnlyForDeploymentPostprocessing = 0;
		};
/* End PBXResourcesBuildPhase section */

/* Begin PBXSourcesBuildPhase section */
		8EB7E2961D69869C00841F15 /* Sources */ = {
			isa = PBXSourcesBuildPhase;
			buildActionMask = 2147483647;
			files = (
				8EB7E29E1D69869C00841F15 /* AppDelegate.swift in Sources */,
			);
			runOnlyForDeploymentPostprocessing = 0;
		};
		8EB7E2AA1D69879C00841F15 /* Sources */ = {
			isa = PBXSourcesBuildPhase;
			buildActionMask = 2147483647;
			files = (
				8EB7E2B61D69879C00841F15 /* SourceEditorExtension.swift in Sources */,
				8EB7E2B81D69879C00841F15 /* SourceEditorCommand.swift in Sources */,
			);
			runOnlyForDeploymentPostprocessing = 0;
		};
/* End PBXSourcesBuildPhase section */

/* Begin PBXTargetDependency section */
		8EB7E2BB1D69879C00841F15 /* PBXTargetDependency */ = {
			isa = PBXTargetDependency;
			target = 8EB7E2AD1D69879C00841F15 /* Extended Comment */;
			targetProxy = 8EB7E2BA1D69879C00841F15 /* PBXContainerItemProxy */;
		};
/* End PBXTargetDependency section */

/* Begin PBXVariantGroup section */
		8EB7E2A11D69869C00841F15 /* MainMenu.xib */ = {
			isa = PBXVariantGroup;
			children = (
				8EB7E2A21D69869C00841F15 /* Base */,
			);
			name = MainMenu.xib;
			sourceTree = "<group>";
		};
/* End PBXVariantGroup section */

/* Begin XCBuildConfiguration section */
		8EB7E2A51D69869C00841F15 /* Debug */ = {
			isa = XCBuildConfiguration;
			buildSettings = {
				ALWAYS_SEARCH_USER_PATHS = NO;
				CLANG_ANALYZER_NONNULL = YES;
				CLANG_CXX_LANGUAGE_STANDARD = "gnu++0x";
				CLANG_CXX_LIBRARY = "libc++";
				CLANG_ENABLE_MODULES = YES;
				CLANG_ENABLE_OBJC_ARC = YES;
				CLANG_WARN_BOOL_CONVERSION = YES;
				CLANG_WARN_CONSTANT_CONVERSION = YES;
				CLANG_WARN_DIRECT_OBJC_ISA_USAGE = YES_ERROR;
				CLANG_WARN_DOCUMENTATION_COMMENTS = YES;
				CLANG_WARN_EMPTY_BODY = YES;
				CLANG_WARN_ENUM_CONVERSION = YES;
				CLANG_WARN_INFINITE_RECURSION = YES;
				CLANG_WARN_INT_CONVERSION = YES;
				CLANG_WARN_OBJC_ROOT_CLASS = YES_ERROR;
				CLANG_WARN_SUSPICIOUS_MOVES = YES;
				CLANG_WARN_UNREACHABLE_CODE = YES;
				CLANG_WARN__DUPLICATE_METHOD_MATCH = YES;
				CODE_SIGN_IDENTITY = "-";
				COPY_PHASE_STRIP = NO;
				DEBUG_INFORMATION_FORMAT = dwarf;
				ENABLE_STRICT_OBJC_MSGSEND = YES;
				ENABLE_TESTABILITY = YES;
				GCC_C_LANGUAGE_STANDARD = gnu99;
				GCC_DYNAMIC_NO_PIC = NO;
				GCC_NO_COMMON_BLOCKS = YES;
				GCC_OPTIMIZATION_LEVEL = 0;
				GCC_PREPROCESSOR_DEFINITIONS = (
					"DEBUG=1",
					"$(inherited)",
				);
				GCC_WARN_64_TO_32_BIT_CONVERSION = YES;
				GCC_WARN_ABOUT_RETURN_TYPE = YES_ERROR;
				GCC_WARN_UNDECLARED_SELECTOR = YES;
				GCC_WARN_UNINITIALIZED_AUTOS = YES_AGGRESSIVE;
				GCC_WARN_UNUSED_FUNCTION = YES;
				GCC_WARN_UNUSED_VARIABLE = YES;
				MACOSX_DEPLOYMENT_TARGET = 10.11;
				MTL_ENABLE_DEBUG_INFO = YES;
				ONLY_ACTIVE_ARCH = YES;
				SDKROOT = macosx;
				SWIFT_ACTIVE_COMPILATION_CONDITIONS = DEBUG;
				SWIFT_OPTIMIZATION_LEVEL = "-Onone";
			};
			name = Debug;
		};
		8EB7E2A61D69869C00841F15 /* Release */ = {
			isa = XCBuildConfiguration;
			buildSettings = {
				ALWAYS_SEARCH_USER_PATHS = NO;
				CLANG_ANALYZER_NONNULL = YES;
				CLANG_CXX_LANGUAGE_STANDARD = "gnu++0x";
				CLANG_CXX_LIBRARY = "libc++";
				CLANG_ENABLE_MODULES = YES;
				CLANG_ENABLE_OBJC_ARC = YES;
				CLANG_WARN_BOOL_CONVERSION = YES;
				CLANG_WARN_CONSTANT_CONVERSION = YES;
				CLANG_WARN_DIRECT_OBJC_ISA_USAGE = YES_ERROR;
				CLANG_WARN_DOCUMENTATION_COMMENTS = YES;
				CLANG_WARN_EMPTY_BODY = YES;
				CLANG_WARN_ENUM_CONVERSION = YES;
				CLANG_WARN_INFINITE_RECURSION = YES;
				CLANG_WARN_INT_CONVERSION = YES;
				CLANG_WARN_OBJC_ROOT_CLASS = YES_ERROR;
				CLANG_WARN_SUSPICIOUS_MOVES = YES;
				CLANG_WARN_UNREACHABLE_CODE = YES;
				CLANG_WARN__DUPLICATE_METHOD_MATCH = YES;
				CODE_SIGN_IDENTITY = "-";
				COPY_PHASE_STRIP = NO;
				DEBUG_INFORMATION_FORMAT = "dwarf-with-dsym";
				ENABLE_NS_ASSERTIONS = NO;
				ENABLE_STRICT_OBJC_MSGSEND = YES;
				GCC_C_LANGUAGE_STANDARD = gnu99;
				GCC_NO_COMMON_BLOCKS = YES;
				GCC_WARN_64_TO_32_BIT_CONVERSION = YES;
				GCC_WARN_ABOUT_RETURN_TYPE = YES_ERROR;
				GCC_WARN_UNDECLARED_SELECTOR = YES;
				GCC_WARN_UNINITIALIZED_AUTOS = YES_AGGRESSIVE;
				GCC_WARN_UNUSED_FUNCTION = YES;
				GCC_WARN_UNUSED_VARIABLE = YES;
				MACOSX_DEPLOYMENT_TARGET = 10.11;
				MTL_ENABLE_DEBUG_INFO = NO;
				SDKROOT = macosx;
				SWIFT_OPTIMIZATION_LEVEL = "-Owholemodule";
			};
			name = Release;
		};
		8EB7E2A81D69869C00841F15 /* Debug */ = {
			isa = XCBuildConfiguration;
			buildSettings = {
				ALWAYS_EMBED_SWIFT_STANDARD_LIBRARIES = YES;
				ASSETCATALOG_COMPILER_APPICON_NAME = AppIcon;
				COMBINE_HIDPI_IMAGES = YES;
				INFOPLIST_FILE = AXComment/Info.plist;
				LD_RUNPATH_SEARCH_PATHS = "$(inherited) @executable_path/../Frameworks";
				PRODUCT_BUNDLE_IDENTIFIER = com.xhk.AXComment;
				PRODUCT_NAME = "$(TARGET_NAME)";
				SWIFT_VERSION = 3.0;
			};
			name = Debug;
		};
		8EB7E2A91D69869C00841F15 /* Release */ = {
			isa = XCBuildConfiguration;
			buildSettings = {
				ALWAYS_EMBED_SWIFT_STANDARD_LIBRARIES = YES;
				ASSETCATALOG_COMPILER_APPICON_NAME = AppIcon;
				COMBINE_HIDPI_IMAGES = YES;
				INFOPLIST_FILE = AXComment/Info.plist;
				LD_RUNPATH_SEARCH_PATHS = "$(inherited) @executable_path/../Frameworks";
				PRODUCT_BUNDLE_IDENTIFIER = com.xhk.AXComment;
				PRODUCT_NAME = "$(TARGET_NAME)";
				SWIFT_VERSION = 3.0;
			};
			name = Release;
		};
		8EB7E2BD1D69879C00841F15 /* Debug */ = {
			isa = XCBuildConfiguration;
			buildSettings = {
				CODE_SIGN_ENTITLEMENTS = "Extended Comment/Extended_Comment.entitlements";
				COMBINE_HIDPI_IMAGES = YES;
				INFOPLIST_FILE = "Extended Comment/Info.plist";
				LD_RUNPATH_SEARCH_PATHS = "$(inherited) @executable_path/../Frameworks @executable_path/../../../../Frameworks";
				MACOSX_DEPLOYMENT_TARGET = 10.11;
				PRODUCT_BUNDLE_IDENTIFIER = "com.xhk.AXComment.Extended-Comment";
				PRODUCT_NAME = "$(TARGET_NAME)";
				SKIP_INSTALL = YES;
				SWIFT_VERSION = 3.0;
			};
			name = Debug;
		};
		8EB7E2BE1D69879C00841F15 /* Release */ = {
			isa = XCBuildConfiguration;
			buildSettings = {
				CODE_SIGN_ENTITLEMENTS = "Extended Comment/Extended_Comment.entitlements";
				COMBINE_HIDPI_IMAGES = YES;
				INFOPLIST_FILE = "Extended Comment/Info.plist";
				LD_RUNPATH_SEARCH_PATHS = "$(inherited) @executable_path/../Frameworks @executable_path/../../../../Frameworks";
				MACOSX_DEPLOYMENT_TARGET = 10.11;
				PRODUCT_BUNDLE_IDENTIFIER = "com.xhk.AXComment.Extended-Comment";
				PRODUCT_NAME = "$(TARGET_NAME)";
				SKIP_INSTALL = YES;
				SWIFT_VERSION = 3.0;
			};
			name = Release;
		};
/* End XCBuildConfiguration section */

/* Begin XCConfigurationList section */
		8EB7E2951D69869C00841F15 /* Build configuration list for PBXProject "AXComment" */ = {
			isa = XCConfigurationList;
			buildConfigurations = (
				8EB7E2A51D69869C00841F15 /* Debug */,
				8EB7E2A61D69869C00841F15 /* Release */,
			);
			defaultConfigurationIsVisible = 0;
			defaultConfigurationName = Release;
		};
		8EB7E2A71D69869C00841F15 /* Build configuration list for PBXNativeTarget "AXComment" */ = {
			isa = XCConfigurationList;
			buildConfigurations = (
				8EB7E2A81D69869C00841F15 /* Debug */,
				8EB7E2A91D69869C00841F15 /* Release */,
			);
			defaultConfigurationIsVisible = 0;
			defaultConfigurationName = Release;
		};
		8EB7E2BF1D69879C00841F15 /* Build configuration list for PBXNativeTarget "Extended Comment" */ = {
			isa = XCConfigurationList;
			buildConfigurations = (
				8EB7E2BD1D69879C00841F15 /* Debug */,
				8EB7E2BE1D69879C00841F15 /* Release */,
			);
			defaultConfigurationIsVisible = 0;
		};
/* End XCConfigurationList section */
	};
	rootObject = 8EB7E2921D69869C00841F15 /* Project object */;
}
